
Microsoft Visual Studio Solution File, Format Version 12.00
# Visual Studio 11
Project("{2150E333-8FDC-42A3-9474-1A3956D46DE8}") = "src", "src", "{FA42616F-B196-477E-B1C7-8AA8F7A2500E}"
EndProject
Project("{2150E333-8FDC-42A3-9474-1A3956D46DE8}") = "tests", "tests", "{D62D959A-C755-40AB-A773-0730D961BD16}"
EndProject
Project("{FAE04EC0-301F-11D3-BF4B-00C04F79EFBC}") = "SimpleCrypto", "src\SimpleCrypto.csproj", "{ED8C6AD7-6CB7-4D5D-9A8F-C6E259DA40D9}"
EndProject
Project("{FAE04EC0-301F-11D3-BF4B-00C04F79EFBC}") = "SimpleCrypto.Tests", "tests\SimpleCrypto.Tests.csproj", "{27FA9E8D-A1F3-4963-BF60-9DF623B86D58}"
EndProject
Project("{2150E333-8FDC-42A3-9474-1A3956D46DE8}") = "Solution Items", "Solution Items", "{C2AB8C95-5AAF-42BC-B435-55E248A263F7}"
	ProjectSection(SolutionItems) = preProject
		AssemblyInfo.cs = AssemblyInfo.cs
		LICENSE = LICENSE
		README.md = README.md
		Rakefile = Rakefile
		VERSION = VERSION
	EndProjectSection
EndProject
Project("{2150E333-8FDC-42A3-9474-1A3956D46DE8}") = "tools", "tools", "{AB6F4545-9DC4-46A2-B5B7-66C4EB396BDF}"
EndProject
Global
	GlobalSection(SolutionConfigurationPlatforms) = preSolution
		Debug|Any CPU = Debug|Any CPU
		Release|Any CPU = Release|Any CPU
	EndGlobalSection
	GlobalSection(ProjectConfigurationPlatforms) = postSolution
		{27FA9E8D-A1F3-4963-BF60-9DF623B86D58}.Debug|Any CPU.ActiveCfg = Debug|Any CPU
		{27FA9E8D-A1F3-4963-BF60-9DF623B86D58}.Debug|Any CPU.Build.0 = Debug|Any CPU
		{27FA9E8D-A1F3-4963-BF60-9DF623B86D58}.Release|Any CPU.ActiveCfg = Release|Any CPU
		{27FA9E8D-A1F3-4963-BF60-9DF623B86D58}.Release|Any CPU.Build.0 = Release|Any CPU
		{ED8C6AD7-6CB7-4D5D-9A8F-C6E259DA40D9}.Debug|Any CPU.ActiveCfg = Debug|Any CPU
		{ED8C6AD7-6CB7-4D5D-9A8F-C6E259DA40D9}.Debug|Any CPU.Build.0 = Debug|Any CPU
		{ED8C6AD7-6CB7-4D5D-9A8F-C6E259DA40D9}.Release|Any CPU.ActiveCfg = Release|Any CPU
		{ED8C6AD7-6CB7-4D5D-9A8F-C6E259DA40D9}.Release|Any CPU.Build.0 = Release|Any CPU
	EndGlobalSection
	GlobalSection(SolutionProperties) = preSolution
		HideSolutionNode = FALSE
	EndGlobalSection
	GlobalSection(NestedProjects) = preSolution
		{27FA9E8D-A1F3-4963-BF60-9DF623B86D58} = {D62D959A-C755-40AB-A773-0730D961BD16}
		{ED8C6AD7-6CB7-4D5D-9A8F-C6E259DA40D9} = {FA42616F-B196-477E-B1C7-8AA8F7A2500E}
	EndGlobalSection
EndGlobal
